
Microsoft Visual Studio Solution File, Format Version 12.00
# Visual Studio Version 17
VisualStudioVersion = 17.11.35312.102
MinimumVisualStudioVersion = 10.0.40219.1
Project("{FAE04EC0-301F-11D3-BF4B-00C04F79EFBC}") = "mainMethodAssignment", "mainMethodAssignment.csproj", "{D1FA5AC7-DF81-47F3-9734-1D9AD11591E1}"
EndProject
Global
	GlobalSection(SolutionConfigurationPlatforms) = preSolution
		Debug|Any CPU = Debug|Any CPU
		Release|Any CPU = Release|Any CPU
	EndGlobalSection
	GlobalSection(ProjectConfigurationPlatforms) = postSolution
		{D1FA5AC7-DF81-47F3-9734-1D9AD11591E1}.Debug|Any CPU.ActiveCfg = Debug|Any CPU
		{D1FA5AC7-DF81-47F3-9734-1D9AD11591E1}.Debug|Any CPU.Build.0 = Debug|Any CPU
		{D1FA5AC7-DF81-47F3-9734-1D9AD11591E1}.Release|Any CPU.ActiveCfg = Release|Any CPU
		{D1FA5AC7-DF81-47F3-9734-1D9AD11591E1}.Release|Any CPU.Build.0 = Release|Any CPU
	EndGlobalSection
	GlobalSection(SolutionProperties) = preSolution
		HideSolutionNode = FALSE
	EndGlobalSection
	GlobalSection(ExtensibilityGlobals) = postSolution
		SolutionGuid = {76D8AF47-6DD5-498B-A1B9-EFF69BC17E10}
	EndGlobalSection
EndGlobal
